Microsoft Visual Studio Solution File, Format Version 11.00
# Visual Studio 2008

Project("{5EBED8D3-95E4-DA26-7494-0C863AD8AD35}") = "forYzu2016Camp", "Assembly-CSharp.csproj", "{D160D516-6BB1-40CB-6180-0F6DC2855E9F}"
EndProject
Global
	GlobalSection(SolutionConfigurationPlatforms) = preSolution
		Debug|Any CPU = Debug|Any CPU
		Release|Any CPU = Release|Any CPU
	EndGlobalSection
	GlobalSection(ProjectConfigurationPlatforms) = postSolution
		{D160D516-6BB1-40CB-6180-0F6DC2855E9F}.Debug|Any CPU.ActiveCfg = Debug|Any CPU
		{D160D516-6BB1-40CB-6180-0F6DC2855E9F}.Debug|Any CPU.Build.0 = Debug|Any CPU
		{D160D516-6BB1-40CB-6180-0F6DC2855E9F}.Release|Any CPU.ActiveCfg = Release|Any CPU
		{D160D516-6BB1-40CB-6180-0F6DC2855E9F}.Release|Any CPU.Build.0 = Release|Any CPU
	EndGlobalSection
	GlobalSection(SolutionProperties) = preSolution
		HideSolutionNode = FALSE
	EndGlobalSection
	GlobalSection(MonoDevelopProperties) = preSolution
		StartupItem = Assembly-CSharp.csproj
	EndGlobalSection
EndGlobal
